
Microsoft Visual Studio Solution File, Format Version 12.00
# Visual Studio Version 16
VisualStudioVersion = 16.0.31729.503
MinimumVisualStudioVersion = 10.0.40219.1
Project("{FAE04EC0-301F-11D3-BF4B-00C04F79EFBC}") = "Return", "Return\Return.csproj", "{8827F45D-004D-439B-A212-46175A5D2E02}"
EndProject
Global
	GlobalSection(SolutionConfigurationPlatforms) = preSolution
		Debug|Any CPU = Debug|Any CPU
		Release|Any CPU = Release|Any CPU
	EndGlobalSection
	GlobalSection(ProjectConfigurationPlatforms) = postSolution
		{8827F45D-004D-439B-A212-46175A5D2E02}.Debug|Any CPU.ActiveCfg = Debug|Any CPU
		{8827F45D-004D-439B-A212-46175A5D2E02}.Debug|Any CPU.Build.0 = Debug|Any CPU
		{8827F45D-004D-439B-A212-46175A5D2E02}.Release|Any CPU.ActiveCfg = Release|Any CPU
		{8827F45D-004D-439B-A212-46175A5D2E02}.Release|Any CPU.Build.0 = Release|Any CPU
	EndGlobalSection
	GlobalSection(SolutionProperties) = preSolution
		HideSolutionNode = FALSE
	EndGlobalSection
	GlobalSection(ExtensibilityGlobals) = postSolution
		SolutionGuid = {9EC7CC7B-9D09-45C2-8BF7-5F9834D5712E}
	EndGlobalSection
EndGlobal
